
Microsoft Visual Studio Solution File, Format Version 12.00
# Visual Studio 15
VisualStudioVersion = 15.0.27130.2027
MinimumVisualStudioVersion = 10.0.40219.1
Project("{FAE04EC0-301F-11D3-BF4B-00C04F79EFBC}") = "TaskDoTo", "TaskDoTo\TaskDoTo.csproj", "{EA27E3F5-A3F6-4C6B-992E-3C61B9A107BE}"
EndProject
Global
	GlobalSection(SolutionConfigurationPlatforms) = preSolution
		Debug|Any CPU = Debug|Any CPU
		Release|Any CPU = Release|Any CPU
	EndGlobalSection
	GlobalSection(ProjectConfigurationPlatforms) = postSolution
		{EA27E3F5-A3F6-4C6B-992E-3C61B9A107BE}.Debug|Any CPU.ActiveCfg = Debug|Any CPU
		{EA27E3F5-A3F6-4C6B-992E-3C61B9A107BE}.Debug|Any CPU.Build.0 = Debug|Any CPU
		{EA27E3F5-A3F6-4C6B-992E-3C61B9A107BE}.Release|Any CPU.ActiveCfg = Release|Any CPU
		{EA27E3F5-A3F6-4C6B-992E-3C61B9A107BE}.Release|Any CPU.Build.0 = Release|Any CPU
	EndGlobalSection
	GlobalSection(SolutionProperties) = preSolution
		HideSolutionNode = FALSE
	EndGlobalSection
	GlobalSection(ExtensibilityGlobals) = postSolution
		SolutionGuid = {23128A8C-A2DB-4D94-8DBF-4CA0512891D5}
	EndGlobalSection
EndGlobal
